
Microsoft Visual Studio Solution File, Format Version 12.00
# Visual Studio 15
VisualStudioVersion = 15.0.26124.0
MinimumVisualStudioVersion = 15.0.26124.0
Project("{FAE04EC0-301F-11D3-BF4B-00C04F79EFBC}") = "Astro", "Astro\Astro.csproj", "{5DC3F11D-41EF-4884-B7B2-0C69DADE8627}"
EndProject
Project("{FAE04EC0-301F-11D3-BF4B-00C04F79EFBC}") = "Simbad.Cli", "Simbad.Cli\Simbad.Cli.csproj", "{A42A697B-A1DD-47EA-AD70-2C00C7DB4E0B}"
EndProject
Project("{FAE04EC0-301F-11D3-BF4B-00C04F79EFBC}") = "Celestrak.Cli", "Celestrak.Cli\Celestrak.Cli.csproj", "{CFEE3B83-37A5-405A-A094-C2FE6F20F412}"
EndProject
Project("{FAE04EC0-301F-11D3-BF4B-00C04F79EFBC}") = "Astro.Control", "Astro.Control\Astro.Control.csproj", "{5689D7C0-E1F6-40C3-926E-78C47C4566A4}"
EndProject
Project("{FAE04EC0-301F-11D3-BF4B-00C04F79EFBC}") = "INDI.Cli", "INDI.CLi\INDI.Cli.csproj", "{6CFF1FA1-61F9-41F4-B04C-47CC21E2414E}"
EndProject
Project("{FAE04EC0-301F-11D3-BF4B-00C04F79EFBC}") = "Astro.Test", "Astro.Test\Astro.Test.csproj", "{6FE841F2-6332-45AF-B8AF-F3807D71C36B}"
EndProject
Global
	GlobalSection(SolutionConfigurationPlatforms) = preSolution
		Debug|Any CPU = Debug|Any CPU
		Debug|x64 = Debug|x64
		Debug|x86 = Debug|x86
		Release|Any CPU = Release|Any CPU
		Release|x64 = Release|x64
		Release|x86 = Release|x86
	EndGlobalSection
	GlobalSection(SolutionProperties) = preSolution
		HideSolutionNode = FALSE
	EndGlobalSection
	GlobalSection(ProjectConfigurationPlatforms) = postSolution
		{5DC3F11D-41EF-4884-B7B2-0C69DADE8627}.Debug|Any CPU.ActiveCfg = Debug|Any CPU
		{5DC3F11D-41EF-4884-B7B2-0C69DADE8627}.Debug|Any CPU.Build.0 = Debug|Any CPU
		{5DC3F11D-41EF-4884-B7B2-0C69DADE8627}.Debug|x64.ActiveCfg = Debug|Any CPU
		{5DC3F11D-41EF-4884-B7B2-0C69DADE8627}.Debug|x64.Build.0 = Debug|Any CPU
		{5DC3F11D-41EF-4884-B7B2-0C69DADE8627}.Debug|x86.ActiveCfg = Debug|Any CPU
		{5DC3F11D-41EF-4884-B7B2-0C69DADE8627}.Debug|x86.Build.0 = Debug|Any CPU
		{5DC3F11D-41EF-4884-B7B2-0C69DADE8627}.Release|Any CPU.ActiveCfg = Release|Any CPU
		{5DC3F11D-41EF-4884-B7B2-0C69DADE8627}.Release|Any CPU.Build.0 = Release|Any CPU
		{5DC3F11D-41EF-4884-B7B2-0C69DADE8627}.Release|x64.ActiveCfg = Release|Any CPU
		{5DC3F11D-41EF-4884-B7B2-0C69DADE8627}.Release|x64.Build.0 = Release|Any CPU
		{5DC3F11D-41EF-4884-B7B2-0C69DADE8627}.Release|x86.ActiveCfg = Release|Any CPU
		{5DC3F11D-41EF-4884-B7B2-0C69DADE8627}.Release|x86.Build.0 = Release|Any CPU
		{A42A697B-A1DD-47EA-AD70-2C00C7DB4E0B}.Debug|Any CPU.ActiveCfg = Debug|Any CPU
		{A42A697B-A1DD-47EA-AD70-2C00C7DB4E0B}.Debug|Any CPU.Build.0 = Debug|Any CPU
		{A42A697B-A1DD-47EA-AD70-2C00C7DB4E0B}.Debug|x64.ActiveCfg = Debug|Any CPU
		{A42A697B-A1DD-47EA-AD70-2C00C7DB4E0B}.Debug|x64.Build.0 = Debug|Any CPU
		{A42A697B-A1DD-47EA-AD70-2C00C7DB4E0B}.Debug|x86.ActiveCfg = Debug|Any CPU
		{A42A697B-A1DD-47EA-AD70-2C00C7DB4E0B}.Debug|x86.Build.0 = Debug|Any CPU
		{A42A697B-A1DD-47EA-AD70-2C00C7DB4E0B}.Release|Any CPU.ActiveCfg = Release|Any CPU
		{A42A697B-A1DD-47EA-AD70-2C00C7DB4E0B}.Release|Any CPU.Build.0 = Release|Any CPU
		{A42A697B-A1DD-47EA-AD70-2C00C7DB4E0B}.Release|x64.ActiveCfg = Release|Any CPU
		{A42A697B-A1DD-47EA-AD70-2C00C7DB4E0B}.Release|x64.Build.0 = Release|Any CPU
		{A42A697B-A1DD-47EA-AD70-2C00C7DB4E0B}.Release|x86.ActiveCfg = Release|Any CPU
		{A42A697B-A1DD-47EA-AD70-2C00C7DB4E0B}.Release|x86.Build.0 = Release|Any CPU
		{CFEE3B83-37A5-405A-A094-C2FE6F20F412}.Debug|Any CPU.ActiveCfg = Debug|Any CPU
		{CFEE3B83-37A5-405A-A094-C2FE6F20F412}.Debug|Any CPU.Build.0 = Debug|Any CPU
		{CFEE3B83-37A5-405A-A094-C2FE6F20F412}.Debug|x64.ActiveCfg = Debug|Any CPU
		{CFEE3B83-37A5-405A-A094-C2FE6F20F412}.Debug|x64.Build.0 = Debug|Any CPU
		{CFEE3B83-37A5-405A-A094-C2FE6F20F412}.Debug|x86.ActiveCfg = Debug|Any CPU
		{CFEE3B83-37A5-405A-A094-C2FE6F20F412}.Debug|x86.Build.0 = Debug|Any CPU
		{CFEE3B83-37A5-405A-A094-C2FE6F20F412}.Release|Any CPU.ActiveCfg = Release|Any CPU
		{CFEE3B83-37A5-405A-A094-C2FE6F20F412}.Release|Any CPU.Build.0 = Release|Any CPU
		{CFEE3B83-37A5-405A-A094-C2FE6F20F412}.Release|x64.ActiveCfg = Release|Any CPU
		{CFEE3B83-37A5-405A-A094-C2FE6F20F412}.Release|x64.Build.0 = Release|Any CPU
		{CFEE3B83-37A5-405A-A094-C2FE6F20F412}.Release|x86.ActiveCfg = Release|Any CPU
		{CFEE3B83-37A5-405A-A094-C2FE6F20F412}.Release|x86.Build.0 = Release|Any CPU
		{5689D7C0-E1F6-40C3-926E-78C47C4566A4}.Debug|Any CPU.ActiveCfg = Debug|Any CPU
		{5689D7C0-E1F6-40C3-926E-78C47C4566A4}.Debug|Any CPU.Build.0 = Debug|Any CPU
		{5689D7C0-E1F6-40C3-926E-78C47C4566A4}.Debug|x64.ActiveCfg = Debug|Any CPU
		{5689D7C0-E1F6-40C3-926E-78C47C4566A4}.Debug|x64.Build.0 = Debug|Any CPU
		{5689D7C0-E1F6-40C3-926E-78C47C4566A4}.Debug|x86.ActiveCfg = Debug|Any CPU
		{5689D7C0-E1F6-40C3-926E-78C47C4566A4}.Debug|x86.Build.0 = Debug|Any CPU
		{5689D7C0-E1F6-40C3-926E-78C47C4566A4}.Release|Any CPU.ActiveCfg = Release|Any CPU
		{5689D7C0-E1F6-40C3-926E-78C47C4566A4}.Release|Any CPU.Build.0 = Release|Any CPU
		{5689D7C0-E1F6-40C3-926E-78C47C4566A4}.Release|x64.ActiveCfg = Release|Any CPU
		{5689D7C0-E1F6-40C3-926E-78C47C4566A4}.Release|x64.Build.0 = Release|Any CPU
		{5689D7C0-E1F6-40C3-926E-78C47C4566A4}.Release|x86.ActiveCfg = Release|Any CPU
		{5689D7C0-E1F6-40C3-926E-78C47C4566A4}.Release|x86.Build.0 = Release|Any CPU
		{6CFF1FA1-61F9-41F4-B04C-47CC21E2414E}.Debug|Any CPU.ActiveCfg = Debug|Any CPU
		{6CFF1FA1-61F9-41F4-B04C-47CC21E2414E}.Debug|Any CPU.Build.0 = Debug|Any CPU
		{6CFF1FA1-61F9-41F4-B04C-47CC21E2414E}.Debug|x64.ActiveCfg = Debug|Any CPU
		{6CFF1FA1-61F9-41F4-B04C-47CC21E2414E}.Debug|x64.Build.0 = Debug|Any CPU
		{6CFF1FA1-61F9-41F4-B04C-47CC21E2414E}.Debug|x86.ActiveCfg = Debug|Any CPU
		{6CFF1FA1-61F9-41F4-B04C-47CC21E2414E}.Debug|x86.Build.0 = Debug|Any CPU
		{6CFF1FA1-61F9-41F4-B04C-47CC21E2414E}.Release|Any CPU.ActiveCfg = Release|Any CPU
		{6CFF1FA1-61F9-41F4-B04C-47CC21E2414E}.Release|Any CPU.Build.0 = Release|Any CPU
		{6CFF1FA1-61F9-41F4-B04C-47CC21E2414E}.Release|x64.ActiveCfg = Release|Any CPU
		{6CFF1FA1-61F9-41F4-B04C-47CC21E2414E}.Release|x64.Build.0 = Release|Any CPU
		{6CFF1FA1-61F9-41F4-B04C-47CC21E2414E}.Release|x86.ActiveCfg = Release|Any CPU
		{6CFF1FA1-61F9-41F4-B04C-47CC21E2414E}.Release|x86.Build.0 = Release|Any CPU
		{6FE841F2-6332-45AF-B8AF-F3807D71C36B}.Debug|Any CPU.ActiveCfg = Debug|Any CPU
		{6FE841F2-6332-45AF-B8AF-F3807D71C36B}.Debug|Any CPU.Build.0 = Debug|Any CPU
		{6FE841F2-6332-45AF-B8AF-F3807D71C36B}.Debug|x64.ActiveCfg = Debug|Any CPU
		{6FE841F2-6332-45AF-B8AF-F3807D71C36B}.Debug|x64.Build.0 = Debug|Any CPU
		{6FE841F2-6332-45AF-B8AF-F3807D71C36B}.Debug|x86.ActiveCfg = Debug|Any CPU
		{6FE841F2-6332-45AF-B8AF-F3807D71C36B}.Debug|x86.Build.0 = Debug|Any CPU
		{6FE841F2-6332-45AF-B8AF-F3807D71C36B}.Release|Any CPU.ActiveCfg = Release|Any CPU
		{6FE841F2-6332-45AF-B8AF-F3807D71C36B}.Release|Any CPU.Build.0 = Release|Any CPU
		{6FE841F2-6332-45AF-B8AF-F3807D71C36B}.Release|x64.ActiveCfg = Release|Any CPU
		{6FE841F2-6332-45AF-B8AF-F3807D71C36B}.Release|x64.Build.0 = Release|Any CPU
		{6FE841F2-6332-45AF-B8AF-F3807D71C36B}.Release|x86.ActiveCfg = Release|Any CPU
		{6FE841F2-6332-45AF-B8AF-F3807D71C36B}.Release|x86.Build.0 = Release|Any CPU
	EndGlobalSection
EndGlobal
